
Microsoft Visual Studio Solution File, Format Version 12.00
# Visual Studio Version 17
VisualStudioVersion = 17.11.35312.102
MinimumVisualStudioVersion = 10.0.40219.1
Project("{FAE04EC0-301F-11D3-BF4B-00C04F79EFBC}") = "PractivaCV_FranciscoPA", "PractivaCV_FranciscoPA.csproj", "{54B1AEDD-32D4-4882-A666-98FE90A419BA}"
EndProject
Global
	GlobalSection(SolutionConfigurationPlatforms) = preSolution
		Debug|Any CPU = Debug|Any CPU
		Release|Any CPU = Release|Any CPU
	EndGlobalSection
	GlobalSection(ProjectConfigurationPlatforms) = postSolution
		{54B1AEDD-32D4-4882-A666-98FE90A419BA}.Debug|Any CPU.ActiveCfg = Debug|Any CPU
		{54B1AEDD-32D4-4882-A666-98FE90A419BA}.Debug|Any CPU.Build.0 = Debug|Any CPU
		{54B1AEDD-32D4-4882-A666-98FE90A419BA}.Release|Any CPU.ActiveCfg = Release|Any CPU
		{54B1AEDD-32D4-4882-A666-98FE90A419BA}.Release|Any CPU.Build.0 = Release|Any CPU
	EndGlobalSection
	GlobalSection(SolutionProperties) = preSolution
		HideSolutionNode = FALSE
	EndGlobalSection
	GlobalSection(ExtensibilityGlobals) = postSolution
		SolutionGuid = {4F25F667-DBD8-4597-8C2A-942F01EEB9A3}
	EndGlobalSection
EndGlobal
